# This file was autogenerated by uv via the following command:
#    uv pip compile pyproject.toml -o requirements.lock
asgiref==3.11.0
    # via
    #   channels
    #   daphne
    #   django
    #   django-cors-headers
attrs==25.4.0
    # via
    #   service-identity
    #   twisted
autobahn==25.12.2
    # via daphne
automat==25.4.16
    # via twisted
cbor2==5.7.1
    # via autobahn
cffi==2.0.0
    # via
    #   autobahn
    #   cryptography
channels==4.3.2
    # via quizzer-service (pyproject.toml)
constantly==23.10.4
    # via twisted
cryptography==46.0.3
    # via
    #   autobahn
    #   pyopenssl
    #   service-identity
daphne==4.2.1
    # via quizzer-service (pyproject.toml)
django==5.1.15
    # via
    #   quizzer-service (pyproject.toml)
    #   channels
    #   django-cors-headers
    #   djangorestframework
django-colorfield==0.14.0
    # via quizzer-service (pyproject.toml)
django-cors-headers==4.9.0
    # via quizzer-service (pyproject.toml)
djangorestframework==3.16.1
    # via quizzer-service (pyproject.toml)
hyperlink==21.0.0
    # via
    #   autobahn
    #   twisted
idna==3.11
    # via
    #   hyperlink
    #   twisted
incremental==24.11.0
    # via twisted
msgpack==1.1.2
    # via autobahn
packaging==25.0
    # via incremental
pillow==12.0.0
    # via django-colorfield
py-ubjson==0.16.1
    # via autobahn
pyasn1==0.6.1
    # via
    #   pyasn1-modules
    #   service-identity
pyasn1-modules==0.4.2
    # via service-identity
pycparser==2.23
    # via cffi
pyopenssl==25.3.0
    # via twisted
service-identity==24.2.0
    # via twisted
sqlparse==0.5.5
    # via django
twisted==25.5.0
    # via daphne
txaio==25.12.2
    # via autobahn
typing-extensions==4.15.0
    # via
    #   pyopenssl
    #   twisted
ujson==5.11.0
    # via autobahn
zope-interface==8.1.1
    # via twisted
